
Microsoft Visual Studio Solution File, Format Version 12.00
# Visual Studio Version 16
VisualStudioVersion = 16.0.29411.138
MinimumVisualStudioVersion = 10.0.40219.1
Project("{FAE04EC0-301F-11D3-BF4B-00C04F79EFBC}") = "SimpleFTP", "SimpleFTP.csproj", "{55BD34F3-3DD5-4BB2-BD62-FCC562E47183}"
	ProjectSection(ProjectDependencies) = postProject
		{3A97128E-C9D3-455F-B8C3-236A658DB28F} = {3A97128E-C9D3-455F-B8C3-236A658DB28F}
		{7DCB9BFE-CDE2-4280-82F6-42B9959ECA75} = {7DCB9BFE-CDE2-4280-82F6-42B9959ECA75}
	EndProjectSection
EndProject
Project("{FAE04EC0-301F-11D3-BF4B-00C04F79EFBC}") = "FTPServer", "..\FTPServer\FTPServer.csproj", "{3A97128E-C9D3-455F-B8C3-236A658DB28F}"
EndProject
Project("{FAE04EC0-301F-11D3-BF4B-00C04F79EFBC}") = "FTPClient", "..\FTPClient\FTPClient.csproj", "{7DCB9BFE-CDE2-4280-82F6-42B9959ECA75}"
EndProject
Global
	GlobalSection(SolutionConfigurationPlatforms) = preSolution
		Debug|Any CPU = Debug|Any CPU
		Release|Any CPU = Release|Any CPU
	EndGlobalSection
	GlobalSection(ProjectConfigurationPlatforms) = postSolution
		{55BD34F3-3DD5-4BB2-BD62-FCC562E47183}.Debug|Any CPU.ActiveCfg = Debug|Any CPU
		{55BD34F3-3DD5-4BB2-BD62-FCC562E47183}.Debug|Any CPU.Build.0 = Debug|Any CPU
		{55BD34F3-3DD5-4BB2-BD62-FCC562E47183}.Release|Any CPU.ActiveCfg = Release|Any CPU
		{55BD34F3-3DD5-4BB2-BD62-FCC562E47183}.Release|Any CPU.Build.0 = Release|Any CPU
		{3A97128E-C9D3-455F-B8C3-236A658DB28F}.Debug|Any CPU.ActiveCfg = Debug|Any CPU
		{3A97128E-C9D3-455F-B8C3-236A658DB28F}.Debug|Any CPU.Build.0 = Debug|Any CPU
		{3A97128E-C9D3-455F-B8C3-236A658DB28F}.Release|Any CPU.ActiveCfg = Release|Any CPU
		{3A97128E-C9D3-455F-B8C3-236A658DB28F}.Release|Any CPU.Build.0 = Release|Any CPU
		{7DCB9BFE-CDE2-4280-82F6-42B9959ECA75}.Debug|Any CPU.ActiveCfg = Debug|Any CPU
		{7DCB9BFE-CDE2-4280-82F6-42B9959ECA75}.Debug|Any CPU.Build.0 = Debug|Any CPU
		{7DCB9BFE-CDE2-4280-82F6-42B9959ECA75}.Release|Any CPU.ActiveCfg = Release|Any CPU
		{7DCB9BFE-CDE2-4280-82F6-42B9959ECA75}.Release|Any CPU.Build.0 = Release|Any CPU
	EndGlobalSection
	GlobalSection(SolutionProperties) = preSolution
		HideSolutionNode = FALSE
	EndGlobalSection
	GlobalSection(ExtensibilityGlobals) = postSolution
		SolutionGuid = {47DBDB3F-43C4-476D-8ECE-171C7BAF6A3B}
	EndGlobalSection
EndGlobal
