
Microsoft Visual Studio Solution File, Format Version 12.00
# Visual Studio Version 16
VisualStudioVersion = 16.0.29505.145
MinimumVisualStudioVersion = 10.0.40219.1
Project("{FAE04EC0-301F-11D3-BF4B-00C04F79EFBC}") = "MyNUnit", "MyNUnit.csproj", "{D3651B38-F1BA-41BD-BA78-CA295EDDF27F}"
EndProject
Project("{FAE04EC0-301F-11D3-BF4B-00C04F79EFBC}") = "MyNUnitTests", "..\MyNUnitTests\MyNUnitTests.csproj", "{0A243EA7-B7E2-4A19-B20D-941EA992166F}"
EndProject
Project("{FAE04EC0-301F-11D3-BF4B-00C04F79EFBC}") = "TestResult", "..\TestProjects\TestResult\TestResult.csproj", "{09C3B2C9-C401-4992-AD3D-FAAE5608E54E}"
EndProject
Project("{FAE04EC0-301F-11D3-BF4B-00C04F79EFBC}") = "BeforeTest", "..\TestProjects\BeforeTest\BeforeTest.csproj", "{849D04B6-05F8-4054-929F-9DD19EB434B8}"
EndProject
Project("{2150E333-8FDC-42A3-9474-1A3956D46DE8}") = "TestProjects", "TestProjects", "{2EE01CAB-E7A9-4251-AAB5-AA51B44D48E1}"
EndProject
Project("{FAE04EC0-301F-11D3-BF4B-00C04F79EFBC}") = "AfterTest", "..\TestProjects\AfterTest\AfterTest.csproj", "{8B4DDAA6-B305-49C2-8A72-17935D6B27EC}"
EndProject
Global
	GlobalSection(SolutionConfigurationPlatforms) = preSolution
		Debug|Any CPU = Debug|Any CPU
		Release|Any CPU = Release|Any CPU
	EndGlobalSection
	GlobalSection(ProjectConfigurationPlatforms) = postSolution
		{D3651B38-F1BA-41BD-BA78-CA295EDDF27F}.Debug|Any CPU.ActiveCfg = Debug|Any CPU
		{D3651B38-F1BA-41BD-BA78-CA295EDDF27F}.Debug|Any CPU.Build.0 = Debug|Any CPU
		{D3651B38-F1BA-41BD-BA78-CA295EDDF27F}.Release|Any CPU.ActiveCfg = Release|Any CPU
		{D3651B38-F1BA-41BD-BA78-CA295EDDF27F}.Release|Any CPU.Build.0 = Release|Any CPU
		{0A243EA7-B7E2-4A19-B20D-941EA992166F}.Debug|Any CPU.ActiveCfg = Debug|Any CPU
		{0A243EA7-B7E2-4A19-B20D-941EA992166F}.Debug|Any CPU.Build.0 = Debug|Any CPU
		{0A243EA7-B7E2-4A19-B20D-941EA992166F}.Release|Any CPU.ActiveCfg = Release|Any CPU
		{0A243EA7-B7E2-4A19-B20D-941EA992166F}.Release|Any CPU.Build.0 = Release|Any CPU
		{09C3B2C9-C401-4992-AD3D-FAAE5608E54E}.Debug|Any CPU.ActiveCfg = Debug|Any CPU
		{09C3B2C9-C401-4992-AD3D-FAAE5608E54E}.Debug|Any CPU.Build.0 = Debug|Any CPU
		{09C3B2C9-C401-4992-AD3D-FAAE5608E54E}.Release|Any CPU.ActiveCfg = Release|Any CPU
		{09C3B2C9-C401-4992-AD3D-FAAE5608E54E}.Release|Any CPU.Build.0 = Release|Any CPU
		{849D04B6-05F8-4054-929F-9DD19EB434B8}.Debug|Any CPU.ActiveCfg = Debug|Any CPU
		{849D04B6-05F8-4054-929F-9DD19EB434B8}.Debug|Any CPU.Build.0 = Debug|Any CPU
		{849D04B6-05F8-4054-929F-9DD19EB434B8}.Release|Any CPU.ActiveCfg = Release|Any CPU
		{849D04B6-05F8-4054-929F-9DD19EB434B8}.Release|Any CPU.Build.0 = Release|Any CPU
		{8B4DDAA6-B305-49C2-8A72-17935D6B27EC}.Debug|Any CPU.ActiveCfg = Debug|Any CPU
		{8B4DDAA6-B305-49C2-8A72-17935D6B27EC}.Debug|Any CPU.Build.0 = Debug|Any CPU
		{8B4DDAA6-B305-49C2-8A72-17935D6B27EC}.Release|Any CPU.ActiveCfg = Release|Any CPU
		{8B4DDAA6-B305-49C2-8A72-17935D6B27EC}.Release|Any CPU.Build.0 = Release|Any CPU
	EndGlobalSection
	GlobalSection(SolutionProperties) = preSolution
		HideSolutionNode = FALSE
	EndGlobalSection
	GlobalSection(NestedProjects) = preSolution
		{09C3B2C9-C401-4992-AD3D-FAAE5608E54E} = {2EE01CAB-E7A9-4251-AAB5-AA51B44D48E1}
		{849D04B6-05F8-4054-929F-9DD19EB434B8} = {2EE01CAB-E7A9-4251-AAB5-AA51B44D48E1}
		{8B4DDAA6-B305-49C2-8A72-17935D6B27EC} = {2EE01CAB-E7A9-4251-AAB5-AA51B44D48E1}
	EndGlobalSection
	GlobalSection(ExtensibilityGlobals) = postSolution
		SolutionGuid = {4C5357AE-1B10-43C3-BE58-24C2CF6DE9BD}
	EndGlobalSection
EndGlobal
